// !$*UTF8*$!
{
	archiveVersion = 1;
	classes = {
	};
	objectVersion = 77;
	objects = {

/* Begin PBXBuildFile section */
		A3C9E4612EE33A1000C41733 /* README.md in Resources */ = {isa = PBXBuildFile; fileRef = A3C9E4602EE33A1000C41733 /* README.md */; };
/* End PBXBuildFile section */

/* Begin PBXContainerItemProxy section */
		A3C9E4382EE338D900C41733 /* PBXContainerItemProxy */ = {
			isa = PBXContainerItemProxy;
			containerPortal = A3C9E4222EE338D900C41733 /* Project object */;
			proxyType = 1;
			remoteGlobalIDString = A3C9E4292EE338D900C41733;
			remoteInfo = GutCheckOnboardingDemo;
		};
		A3C9E4422EE338DA00C41733 /* PBXContainerItemProxy */ = {
			isa = PBXContainerItemProxy;
			containerPortal = A3C9E4222EE338D900C41733 /* Project object */;
			proxyType = 1;
			remoteGlobalIDString = A3C9E4292EE338D900C41733;
			remoteInfo = GutCheckOnboardingDemo;
		};
/* End PBXContainerItemProxy section */

/* Begin PBXFileReference section */
		A3C9E42A2EE338D900C41733 /* GutCheckOnboardingDemo.app */ = {isa = PBXFileReference; explicitFileType = wrapper.application; includeInIndex = 0; path = GutCheckOnboardingDemo.app; sourceTree = BUILT_PRODUCTS_DIR; };
		A3C9E4372EE338D900C41733 /* GutCheckOnboardingDemoTests.xctest */ = {isa = PBXFileReference; explicitFileType = wrapper.cfbundle; includeInIndex = 0; path = GutCheckOnboardingDemoTests.xctest; sourceTree = BUILT_PRODUCTS_DIR; };
		A3C9E4412EE338DA00C41733 /* GutCheckOnboardingDemoUITests.xctest */ = {isa = PBXFileReference; explicitFileType = wrapper.cfbundle; includeInIndex = 0; path = GutCheckOnboardingDemoUITests.xctest; sourceTree = BUILT_PRODUCTS_DIR; };
		A3C9E4602EE33A1000C41733 /* README.md */ = {isa = PBXFileReference; lastKnownFileType = net.daringfireball.markdown; path = README.md; sourceTree = "<group>"; };
/* End PBXFileReference section */

/* Begin PBXFileSystemSynchronizedRootGroup section */
		A3C9E42C2EE338D900C41733 /* GutCheckOnboardingDemo */ = {
			isa = PBXFileSystemSynchronizedRootGroup;
			path = GutCheckOnboardingDemo;
			sourceTree = "<group>";
		};
		A3C9E43A2EE338D900C41733 /* GutCheckOnboardingDemoTests */ = {
			isa = PBXFileSystemSynchronizedRootGroup;
			path = GutCheckOnboardingDemoTests;
			sourceTree = "<group>";
		};
		A3C9E4442EE338DA00C41733 /* GutCheckOnboardingDemoUITests */ = {
			isa = PBXFileSystemSynchronizedRootGroup;
			path = GutCheckOnboardingDemoUITests;
			sourceTree = "<group>";
		};
/* End PBXFileSystemSynchronizedRootGroup section */

/* Begin PBXFrameworksBuildPhase section */
		A3C9E4272EE338D900C41733 /* Frameworks */ = {
			isa = PBXFrameworksBuildPhase;
			buildActionMask = 2147483647;
			files = (
			);
			runOnlyForDeploymentPostprocessing = 0;
		};
		A3C9E4342EE338D900C41733 /* Frameworks */ = {
			isa = PBXFrameworksBuildPhase;
			buildActionMask = 2147483647;
			files = (
			);
			runOnlyForDeploymentPostprocessing = 0;
		};
		A3C9E43E2EE338DA00C41733 /* Frameworks */ = {
			isa = PBXFrameworksBuildPhase;
			buildActionMask = 2147483647;
			files = (
			);
			runOnlyForDeploymentPostprocessing = 0;
		};
/* End PBXFrameworksBuildPhase section */

/* Begin PBXGroup section */
		A3C9E4212EE338D900C41733 = {
			isa = PBXGroup;
			children = (
				A3C9E4602EE33A1000C41733 /* README.md */,
				A3C9E42C2EE338D900C41733 /* GutCheckOnboardingDemo */,
				A3C9E43A2EE338D900C41733 /* GutCheckOnboardingDemoTests */,
				A3C9E4442EE338DA00C41733 /* GutCheckOnboardingDemoUITests */,
				A3C9E42B2EE338D900C41733 /* Products */,
			);
			sourceTree = "<group>";
		};
		A3C9E42B2EE338D900C41733 /* Products */ = {
			isa = PBXGroup;
			children = (
				A3C9E42A2EE338D900C41733 /* GutCheckOnboardingDemo.app */,
				A3C9E4372EE338D900C41733 /* GutCheckOnboardingDemoTests.xctest */,
				A3C9E4412EE338DA00C41733 /* GutCheckOnboardingDemoUITests.xctest */,
			);
			name = Products;
			sourceTree = "<group>";
		};
/* End PBXGroup section */

/* Begin PBXNativeTarget section */
		A3C9E4292EE338D900C41733 /* GutCheckOnboardingDemo */ = {
			isa = PBXNativeTarget;
			buildConfigurationList = A3C9E44B2EE338DA00C41733 /* Build configuration list for PBXNativeTarget "GutCheckOnboardingDemo" */;
			buildPhases = (
				A3C9E4262EE338D900C41733 /* Sources */,
				A3C9E4272EE338D900C41733 /* Frameworks */,
				A3C9E4282EE338D900C41733 /* Resources */,
			);
			buildRules = (
			);
			dependencies = (
			);
			fileSystemSynchronizedGroups = (
				A3C9E42C2EE338D900C41733 /* GutCheckOnboardingDemo */,
			);
			name = GutCheckOnboardingDemo;
			packageProductDependencies = (
			);
			productName = GutCheckOnboardingDemo;
			productReference = A3C9E42A2EE338D900C41733 /* GutCheckOnboardingDemo.app */;
			productType = "com.apple.product-type.application";
		};
		A3C9E4362EE338D900C41733 /* GutCheckOnboardingDemoTests */ = {
			isa = PBXNativeTarget;
			buildConfigurationList = A3C9E44E2EE338DA00C41733 /* Build configuration list for PBXNativeTarget "GutCheckOnboardingDemoTests" */;
			buildPhases = (
				A3C9E4332EE338D900C41733 /* Sources */,
				A3C9E4342EE338D900C41733 /* Frameworks */,
				A3C9E4352EE338D900C41733 /* Resources */,
			);
			buildRules = (
			);
			dependencies = (
				A3C9E4392EE338D900C41733 /* PBXTargetDependency */,
			);
			fileSystemSynchronizedGroups = (
				A3C9E43A2EE338D900C41733 /* GutCheckOnboardingDemoTests */,
			);
			name = GutCheckOnboardingDemoTests;
			packageProductDependencies = (
			);
			productName = GutCheckOnboardingDemoTests;
			productReference = A3C9E4372EE338D900C41733 /* GutCheckOnboardingDemoTests.xctest */;
			productType = "com.apple.product-type.bundle.unit-test";
		};
		A3C9E4402EE338DA00C41733 /* GutCheckOnboardingDemoUITests */ = {
			isa = PBXNativeTarget;
			buildConfigurationList = A3C9E4512EE338DA00C41733 /* Build configuration list for PBXNativeTarget "GutCheckOnboardingDemoUITests" */;
			buildPhases = (
				A3C9E43D2EE338DA00C41733 /* Sources */,
				A3C9E43E2EE338DA00C41733 /* Frameworks */,
				A3C9E43F2EE338DA00C41733 /* Resources */,
			);
			buildRules = (
			);
			dependencies = (
				A3C9E4432EE338DA00C41733 /* PBXTargetDependency */,
			);
			fileSystemSynchronizedGroups = (
				A3C9E4442EE338DA00C41733 /* GutCheckOnboardingDemoUITests */,
			);
			name = GutCheckOnboardingDemoUITests;
			packageProductDependencies = (
			);
			productName = GutCheckOnboardingDemoUITests;
			productReference = A3C9E4412EE338DA00C41733 /* GutCheckOnboardingDemoUITests.xctest */;
			productType = "com.apple.product-type.bundle.ui-testing";
		};
/* End PBXNativeTarget section */

/* Begin PBXProject section */
		A3C9E4222EE338D900C41733 /* Project object */ = {
			isa = PBXProject;
			attributes = {
				BuildIndependentTargetsInParallel = 1;
				LastSwiftUpdateCheck = 2610;
				LastUpgradeCheck = 2610;
				TargetAttributes = {
					A3C9E4292EE338D900C41733 = {
						CreatedOnToolsVersion = 26.1.1;
					};
					A3C9E4362EE338D900C41733 = {
						CreatedOnToolsVersion = 26.1.1;
						TestTargetID = A3C9E4292EE338D900C41733;
					};
					A3C9E4402EE338DA00C41733 = {
						CreatedOnToolsVersion = 26.1.1;
						TestTargetID = A3C9E4292EE338D900C41733;
					};
				};
			};
			buildConfigurationList = A3C9E4252EE338D900C41733 /* Build configuration list for PBXProject "GutCheckOnboardingDemo" */;
			developmentRegion = en;
			hasScannedForEncodings = 0;
			knownRegions = (
				en,
				Base,
			);
			mainGroup = A3C9E4212EE338D900C41733;
			minimizedProjectReferenceProxies = 1;
			preferredProjectObjectVersion = 77;
			productRefGroup = A3C9E42B2EE338D900C41733 /* Products */;
			projectDirPath = "";
			projectRoot = "";
			targets = (
				A3C9E4292EE338D900C41733 /* GutCheckOnboardingDemo */,
				A3C9E4362EE338D900C41733 /* GutCheckOnboardingDemoTests */,
				A3C9E4402EE338DA00C41733 /* GutCheckOnboardingDemoUITests */,
			);
		};
/* End PBXProject section */

/* Begin PBXResourcesBuildPhase section */
		A3C9E4282EE338D900C41733 /* Resources */ = {
			isa = PBXResourcesBuildPhase;
			buildActionMask = 2147483647;
			files = (
				A3C9E4612EE33A1000C41733 /* README.md in Resources */,
			);
			runOnlyForDeploymentPostprocessing = 0;
		};
		A3C9E4352EE338D900C41733 /* Resources */ = {
			isa = PBXResourcesBuildPhase;
			buildActionMask = 2147483647;
			files = (
			);
			runOnlyForDeploymentPostprocessing = 0;
		};
		A3C9E43F2EE338DA00C41733 /* Resources */ = {
			isa = PBXResourcesBuildPhase;
			buildActionMask = 2147483647;
			files = (
			);
			runOnlyForDeploymentPostprocessing = 0;
		};
/* End PBXResourcesBuildPhase section */

/* Begin PBXSourcesBuildPhase section */
		A3C9E4262EE338D900C41733 /* Sources */ = {
			isa = PBXSourcesBuildPhase;
			buildActionMask = 2147483647;
			files = (
			);
			runOnlyForDeploymentPostprocessing = 0;
		};
		A3C9E4332EE338D900C41733 /* Sources */ = {
			isa = PBXSourcesBuildPhase;
			buildActionMask = 2147483647;
			files = (
			);
			runOnlyForDeploymentPostprocessing = 0;
		};
		A3C9E43D2EE338DA00C41733 /* Sources */ = {
			isa = PBXSourcesBuildPhase;
			buildActionMask = 2147483647;
			files = (
			);
			runOnlyForDeploymentPostprocessing = 0;
		};
/* End PBXSourcesBuildPhase section */

/* Begin PBXTargetDependency section */
		A3C9E4392EE338D900C41733 /* PBXTargetDependency */ = {
			isa = PBXTargetDependency;
			target = A3C9E4292EE338D900C41733 /* GutCheckOnboardingDemo */;
			targetProxy = A3C9E4382EE338D900C41733 /* PBXContainerItemProxy */;
		};
		A3C9E4432EE338DA00C41733 /* PBXTargetDependency */ = {
			isa = PBXTargetDependency;
			target = A3C9E4292EE338D900C41733 /* GutCheckOnboardingDemo */;
			targetProxy = A3C9E4422EE338DA00C41733 /* PBXContainerItemProxy */;
		};
/* End PBXTargetDependency section */

/* Begin XCBuildConfiguration section */
		A3C9E4492EE338DA00C41733 /* Debug */ = {
			isa = XCBuildConfiguration;
			buildSettings = {
				ALWAYS_SEARCH_USER_PATHS = NO;
				ASSETCATALOG_COMPILER_GENERATE_SWIFT_ASSET_SYMBOL_EXTENSIONS = YES;
				CLANG_ANALYZER_NONNULL = YES;
				CLANG_ANALYZER_NUMBER_OBJECT_CONVERSION = YES_AGGRESSIVE;
				CLANG_CXX_LANGUAGE_STANDARD = "gnu++20";
				CLANG_ENABLE_MODULES = YES;
				CLANG_ENABLE_OBJC_ARC = YES;
				CLANG_ENABLE_OBJC_WEAK = YES;
				CLANG_WARN_BLOCK_CAPTURE_AUTORELEASING = YES;
				CLANG_WARN_BOOL_CONVERSION = YES;
				CLANG_WARN_COMMA = YES;
				CLANG_WARN_CONSTANT_CONVERSION = YES;
				CLANG_WARN_DEPRECATED_OBJC_IMPLEMENTATIONS = YES;
				CLANG_WARN_DIRECT_OBJC_ISA_USAGE = YES_ERROR;
				CLANG_WARN_DOCUMENTATION_COMMENTS = YES;
				CLANG_WARN_EMPTY_BODY = YES;
				CLANG_WARN_ENUM_CONVERSION = YES;
				CLANG_WARN_INFINITE_RECURSION = YES;
				CLANG_WARN_INT_CONVERSION = YES;
				CLANG_WARN_NON_LITERAL_NULL_CONVERSION = YES;
				CLANG_WARN_OBJC_IMPLICIT_RETAIN_SELF = YES;
				CLANG_WARN_OBJC_LITERAL_CONVERSION = YES;
				CLANG_WARN_OBJC_ROOT_CLASS = YES_ERROR;
				CLANG_WARN_QUOTED_INCLUDE_IN_FRAMEWORK_HEADER = YES;
				CLANG_WARN_RANGE_LOOP_ANALYSIS = YES;
				CLANG_WARN_STRICT_PROTOTYPES = YES;
				CLANG_WARN_SUSPICIOUS_MOVE = YES;
				CLANG_WARN_UNGUARDED_AVAILABILITY = YES_AGGRESSIVE;
				CLANG_WARN_UNREACHABLE_CODE = YES;
				CLANG_WARN__DUPLICATE_METHOD_MATCH = YES;
				COPY_PHASE_STRIP = NO;
				DEBUG_INFORMATION_FORMAT = dwarf;
				DEVELOPMENT_TEAM = S8628CM6N7;
				ENABLE_STRICT_OBJC_MSGSEND = YES;
				ENABLE_TESTABILITY = YES;
				ENABLE_USER_SCRIPT_SANDBOXING = YES;
				GCC_C_LANGUAGE_STANDARD = gnu17;
				GCC_DYNAMIC_NO_PIC = NO;
				GCC_NO_COMMON_BLOCKS = YES;
				GCC_OPTIMIZATION_LEVEL = 0;
				GCC_PREPROCESSOR_DEFINITIONS = (
					"DEBUG=1",
					"$(inherited)",
				);
				GCC_WARN_64_TO_32_BIT_CONVERSION = YES;
				GCC_WARN_ABOUT_RETURN_TYPE = YES_ERROR;
				GCC_WARN_UNDECLARED_SELECTOR = YES;
				GCC_WARN_UNINITIALIZED_AUTOS = YES_AGGRESSIVE;
				GCC_WARN_UNUSED_FUNCTION = YES;
				GCC_WARN_UNUSED_VARIABLE = YES;
				IPHONEOS_DEPLOYMENT_TARGET = 26.1;
				LOCALIZATION_PREFERS_STRING_CATALOGS = YES;
				MTL_ENABLE_DEBUG_INFO = INCLUDE_SOURCE;
				MTL_FAST_MATH = YES;
				ONLY_ACTIVE_ARCH = YES;
				SDKROOT = iphoneos;
				SWIFT_ACTIVE_COMPILATION_CONDITIONS = "DEBUG $(inherited)";
				SWIFT_OPTIMIZATION_LEVEL = "-Onone";
			};
			name = Debug;
		};
		A3C9E44A2EE338DA00C41733 /* Release */ = {
			isa = XCBuildConfiguration;
			buildSettings = {
				ALWAYS_SEARCH_USER_PATHS = NO;
				ASSETCATALOG_COMPILER_GENERATE_SWIFT_ASSET_SYMBOL_EXTENSIONS = YES;
				CLANG_ANALYZER_NONNULL = YES;
				CLANG_ANALYZER_NUMBER_OBJECT_CONVERSION = YES_AGGRESSIVE;
				CLANG_CXX_LANGUAGE_STANDARD = "gnu++20";
				CLANG_ENABLE_MODULES = YES;
				CLANG_ENABLE_OBJC_ARC = YES;
				CLANG_ENABLE_OBJC_WEAK = YES;
				CLANG_WARN_BLOCK_CAPTURE_AUTORELEASING = YES;
				CLANG_WARN_BOOL_CONVERSION = YES;
				CLANG_WARN_COMMA = YES;
				CLANG_WARN_CONSTANT_CONVERSION = YES;
				CLANG_WARN_DEPRECATED_OBJC_IMPLEMENTATIONS = YES;
				CLANG_WARN_DIRECT_OBJC_ISA_USAGE = YES_ERROR;
				CLANG_WARN_DOCUMENTATION_COMMENTS = YES;
				CLANG_WARN_EMPTY_BODY = YES;
				CLANG_WARN_ENUM_CONVERSION = YES;
				CLANG_WARN_INFINITE_RECURSION = YES;
				CLANG_WARN_INT_CONVERSION = YES;
				CLANG_WARN_NON_LITERAL_NULL_CONVERSION = YES;
				CLANG_WARN_OBJC_IMPLICIT_RETAIN_SELF = YES;
				CLANG_WARN_OBJC_LITERAL_CONVERSION = YES;
				CLANG_WARN_OBJC_ROOT_CLASS = YES_ERROR;
				CLANG_WARN_QUOTED_INCLUDE_IN_FRAMEWORK_HEADER = YES;
				CLANG_WARN_RANGE_LOOP_ANALYSIS = YES;
				CLANG_WARN_STRICT_PROTOTYPES = YES;
				CLANG_WARN_SUSPICIOUS_MOVE = YES;
				CLANG_WARN_UNGUARDED_AVAILABILITY = YES_AGGRESSIVE;
				CLANG_WARN_UNREACHABLE_CODE = YES;
				CLANG_WARN__DUPLICATE_METHOD_MATCH = YES;
				COPY_PHASE_STRIP = NO;
				DEBUG_INFORMATION_FORMAT = "dwarf-with-dsym";
				DEVELOPMENT_TEAM = S8628CM6N7;
				ENABLE_NS_ASSERTIONS = NO;
				ENABLE_STRICT_OBJC_MSGSEND = YES;
				ENABLE_USER_SCRIPT_SANDBOXING = YES;
				GCC_C_LANGUAGE_STANDARD = gnu17;
				GCC_NO_COMMON_BLOCKS = YES;
				GCC_WARN_64_TO_32_BIT_CONVERSION = YES;
				GCC_WARN_ABOUT_RETURN_TYPE = YES_ERROR;
				GCC_WARN_UNDECLARED_SELECTOR = YES;
				GCC_WARN_UNINITIALIZED_AUTOS = YES_AGGRESSIVE;
				GCC_WARN_UNUSED_FUNCTION = YES;
				GCC_WARN_UNUSED_VARIABLE = YES;
				IPHONEOS_DEPLOYMENT_TARGET = 26.1;
				LOCALIZATION_PREFERS_STRING_CATALOGS = YES;
				MTL_ENABLE_DEBUG_INFO = NO;
				MTL_FAST_MATH = YES;
				SDKROOT = iphoneos;
				SWIFT_COMPILATION_MODE = wholemodule;
				VALIDATE_PRODUCT = YES;
			};
			name = Release;
		};
		A3C9E44C2EE338DA00C41733 /* Debug */ = {
			isa = XCBuildConfiguration;
			buildSettings = {
				ASSETCATALOG_COMPILER_APPICON_NAME = AppIcon;
				ASSETCATALOG_COMPILER_GLOBAL_ACCENT_COLOR_NAME = AccentColor;
				CODE_SIGN_STYLE = Automatic;
				CURRENT_PROJECT_VERSION = 1;
				DEVELOPMENT_TEAM = S8628CM6N7;
				ENABLE_PREVIEWS = YES;
				GENERATE_INFOPLIST_FILE = YES;
				INFOPLIST_KEY_UIApplicationSceneManifest_Generation = YES;
				INFOPLIST_KEY_UIApplicationSupportsIndirectInputEvents = YES;
				INFOPLIST_KEY_UILaunchScreen_Generation = YES;
				INFOPLIST_KEY_UISupportedInterfaceOrientations_iPad = "UIInterfaceOrientationPortrait UIInterfaceOrientationPortraitUpsideDown UIInterfaceOrientationLandscapeLeft UIInterfaceOrientationLandscapeRight";
				INFOPLIST_KEY_UISupportedInterfaceOrientations_iPhone = "UIInterfaceOrientationPortrait UIInterfaceOrientationLandscapeLeft UIInterfaceOrientationLandscapeRight";
				LD_RUNPATH_SEARCH_PATHS = (
					"$(inherited)",
					"@executable_path/Frameworks",
				);
				MARKETING_VERSION = 1.0;
				PRODUCT_BUNDLE_IDENTIFIER = com.risingdevhabits.demo.gutcheckonboarding;
				PRODUCT_NAME = "$(TARGET_NAME)";
				STRING_CATALOG_GENERATE_SYMBOLS = YES;
				SWIFT_APPROACHABLE_CONCURRENCY = YES;
				SWIFT_DEFAULT_ACTOR_ISOLATION = MainActor;
				SWIFT_EMIT_LOC_STRINGS = YES;
				SWIFT_UPCOMING_FEATURE_MEMBER_IMPORT_VISIBILITY = YES;
				SWIFT_VERSION = 5.0;
				TARGETED_DEVICE_FAMILY = "1,2";
			};
			name = Debug;
		};
		A3C9E44D2EE338DA00C41733 /* Release */ = {
			isa = XCBuildConfiguration;
			buildSettings = {
				ASSETCATALOG_COMPILER_APPICON_NAME = AppIcon;
				ASSETCATALOG_COMPILER_GLOBAL_ACCENT_COLOR_NAME = AccentColor;
				CODE_SIGN_STYLE = Automatic;
				CURRENT_PROJECT_VERSION = 1;
				DEVELOPMENT_TEAM = S8628CM6N7;
				ENABLE_PREVIEWS = YES;
				GENERATE_INFOPLIST_FILE = YES;
				INFOPLIST_KEY_UIApplicationSceneManifest_Generation = YES;
				INFOPLIST_KEY_UIApplicationSupportsIndirectInputEvents = YES;
				INFOPLIST_KEY_UILaunchScreen_Generation = YES;
				INFOPLIST_KEY_UISupportedInterfaceOrientations_iPad = "UIInterfaceOrientationPortrait UIInterfaceOrientationPortraitUpsideDown UIInterfaceOrientationLandscapeLeft UIInterfaceOrientationLandscapeRight";
				INFOPLIST_KEY_UISupportedInterfaceOrientations_iPhone = "UIInterfaceOrientationPortrait UIInterfaceOrientationLandscapeLeft UIInterfaceOrientationLandscapeRight";
				LD_RUNPATH_SEARCH_PATHS = (
					"$(inherited)",
					"@executable_path/Frameworks",
				);
				MARKETING_VERSION = 1.0;
				PRODUCT_BUNDLE_IDENTIFIER = com.risingdevhabits.demo.gutcheckonboarding;
				PRODUCT_NAME = "$(TARGET_NAME)";
				STRING_CATALOG_GENERATE_SYMBOLS = YES;
				SWIFT_APPROACHABLE_CONCURRENCY = YES;
				SWIFT_DEFAULT_ACTOR_ISOLATION = MainActor;
				SWIFT_EMIT_LOC_STRINGS = YES;
				SWIFT_UPCOMING_FEATURE_MEMBER_IMPORT_VISIBILITY = YES;
				SWIFT_VERSION = 5.0;
				TARGETED_DEVICE_FAMILY = "1,2";
			};
			name = Release;
		};
		A3C9E44F2EE338DA00C41733 /* Debug */ = {
			isa = XCBuildConfiguration;
			buildSettings = {
				BUNDLE_LOADER = "$(TEST_HOST)";
				CODE_SIGN_STYLE = Automatic;
				CURRENT_PROJECT_VERSION = 1;
				DEVELOPMENT_TEAM = S8628CM6N7;
				GENERATE_INFOPLIST_FILE = YES;
				IPHONEOS_DEPLOYMENT_TARGET = 26.1;
				MARKETING_VERSION = 1.0;
				PRODUCT_BUNDLE_IDENTIFIER = com.risingdevhabits.GutCheckOnboardingDemoTests;
				PRODUCT_NAME = "$(TARGET_NAME)";
				STRING_CATALOG_GENERATE_SYMBOLS = NO;
				SWIFT_APPROACHABLE_CONCURRENCY = YES;
				SWIFT_EMIT_LOC_STRINGS = NO;
				SWIFT_UPCOMING_FEATURE_MEMBER_IMPORT_VISIBILITY = YES;
				SWIFT_VERSION = 5.0;
				TARGETED_DEVICE_FAMILY = "1,2";
				TEST_HOST = "$(BUILT_PRODUCTS_DIR)/GutCheckOnboardingDemo.app/$(BUNDLE_EXECUTABLE_FOLDER_PATH)/GutCheckOnboardingDemo";
			};
			name = Debug;
		};
		A3C9E4502EE338DA00C41733 /* Release */ = {
			isa = XCBuildConfiguration;
			buildSettings = {
				BUNDLE_LOADER = "$(TEST_HOST)";
				CODE_SIGN_STYLE = Automatic;
				CURRENT_PROJECT_VERSION = 1;
				DEVELOPMENT_TEAM = S8628CM6N7;
				GENERATE_INFOPLIST_FILE = YES;
				IPHONEOS_DEPLOYMENT_TARGET = 26.1;
				MARKETING_VERSION = 1.0;
				PRODUCT_BUNDLE_IDENTIFIER = com.risingdevhabits.GutCheckOnboardingDemoTests;
				PRODUCT_NAME = "$(TARGET_NAME)";
				STRING_CATALOG_GENERATE_SYMBOLS = NO;
				SWIFT_APPROACHABLE_CONCURRENCY = YES;
				SWIFT_EMIT_LOC_STRINGS = NO;
				SWIFT_UPCOMING_FEATURE_MEMBER_IMPORT_VISIBILITY = YES;
				SWIFT_VERSION = 5.0;
				TARGETED_DEVICE_FAMILY = "1,2";
				TEST_HOST = "$(BUILT_PRODUCTS_DIR)/GutCheckOnboardingDemo.app/$(BUNDLE_EXECUTABLE_FOLDER_PATH)/GutCheckOnboardingDemo";
			};
			name = Release;
		};
		A3C9E4522EE338DA00C41733 /* Debug */ = {
			isa = XCBuildConfiguration;
			buildSettings = {
				CODE_SIGN_STYLE = Automatic;
				CURRENT_PROJECT_VERSION = 1;
				DEVELOPMENT_TEAM = S8628CM6N7;
				GENERATE_INFOPLIST_FILE = YES;
				MARKETING_VERSION = 1.0;
				PRODUCT_BUNDLE_IDENTIFIER = com.risingdevhabits.GutCheckOnboardingDemoUITests;
				PRODUCT_NAME = "$(TARGET_NAME)";
				STRING_CATALOG_GENERATE_SYMBOLS = NO;
				SWIFT_APPROACHABLE_CONCURRENCY = YES;
				SWIFT_EMIT_LOC_STRINGS = NO;
				SWIFT_UPCOMING_FEATURE_MEMBER_IMPORT_VISIBILITY = YES;
				SWIFT_VERSION = 5.0;
				TARGETED_DEVICE_FAMILY = "1,2";
				TEST_TARGET_NAME = GutCheckOnboardingDemo;
			};
			name = Debug;
		};
		A3C9E4532EE338DA00C41733 /* Release */ = {
			isa = XCBuildConfiguration;
			buildSettings = {
				CODE_SIGN_STYLE = Automatic;
				CURRENT_PROJECT_VERSION = 1;
				DEVELOPMENT_TEAM = S8628CM6N7;
				GENERATE_INFOPLIST_FILE = YES;
				MARKETING_VERSION = 1.0;
				PRODUCT_BUNDLE_IDENTIFIER = com.risingdevhabits.GutCheckOnboardingDemoUITests;
				PRODUCT_NAME = "$(TARGET_NAME)";
				STRING_CATALOG_GENERATE_SYMBOLS = NO;
				SWIFT_APPROACHABLE_CONCURRENCY = YES;
				SWIFT_EMIT_LOC_STRINGS = NO;
				SWIFT_UPCOMING_FEATURE_MEMBER_IMPORT_VISIBILITY = YES;
				SWIFT_VERSION = 5.0;
				TARGETED_DEVICE_FAMILY = "1,2";
				TEST_TARGET_NAME = GutCheckOnboardingDemo;
			};
			name = Release;
		};
/* End XCBuildConfiguration section */

/* Begin XCConfigurationList section */
		A3C9E4252EE338D900C41733 /* Build configuration list for PBXProject "GutCheckOnboardingDemo" */ = {
			isa = XCConfigurationList;
			buildConfigurations = (
				A3C9E4492EE338DA00C41733 /* Debug */,
				A3C9E44A2EE338DA00C41733 /* Release */,
			);
			defaultConfigurationIsVisible = 0;
			defaultConfigurationName = Release;
		};
		A3C9E44B2EE338DA00C41733 /* Build configuration list for PBXNativeTarget "GutCheckOnboardingDemo" */ = {
			isa = XCConfigurationList;
			buildConfigurations = (
				A3C9E44C2EE338DA00C41733 /* Debug */,
				A3C9E44D2EE338DA00C41733 /* Release */,
			);
			defaultConfigurationIsVisible = 0;
			defaultConfigurationName = Release;
		};
		A3C9E44E2EE338DA00C41733 /* Build configuration list for PBXNativeTarget "GutCheckOnboardingDemoTests" */ = {
			isa = XCConfigurationList;
			buildConfigurations = (
				A3C9E44F2EE338DA00C41733 /* Debug */,
				A3C9E4502EE338DA00C41733 /* Release */,
			);
			defaultConfigurationIsVisible = 0;
			defaultConfigurationName = Release;
		};
		A3C9E4512EE338DA00C41733 /* Build configuration list for PBXNativeTarget "GutCheckOnboardingDemoUITests" */ = {
			isa = XCConfigurationList;
			buildConfigurations = (
				A3C9E4522EE338DA00C41733 /* Debug */,
				A3C9E4532EE338DA00C41733 /* Release */,
			);
			defaultConfigurationIsVisible = 0;
			defaultConfigurationName = Release;
		};
/* End XCConfigurationList section */
	};
	rootObject = A3C9E4222EE338D900C41733 /* Project object */;
}
